
Microsoft Visual Studio Solution File, Format Version 12.00
# Visual Studio Version 17
VisualStudioVersion = 17.7.34202.233
MinimumVisualStudioVersion = 10.0.40219.1
Project("{9A19103F-16F7-4668-BE54-9A1E7A4F7556}") = "GWVACB_HFT_2023241.Client", "GWVACB_HFT_2023241.Client\GWVACB_HFT_2023241.Client.csproj", "{17194A15-6AB8-4634-A44C-04320B21CD51}"
EndProject
Project("{9A19103F-16F7-4668-BE54-9A1E7A4F7556}") = "GWVACB_HFT_2023241.Models", "GWVACB_HFT_2023241.Models\GWVACB_HFT_2023241.Models.csproj", "{EA1F57F4-BF93-4BDE-9E15-047069222B2E}"
EndProject
Project("{9A19103F-16F7-4668-BE54-9A1E7A4F7556}") = "GWVACB_HFT_2023241.Logic", "GWVACB_HFT_2023241.Logic\GWVACB_HFT_2023241.Logic.csproj", "{35B63F00-9D66-4EBE-8617-860F6B52D41D}"
EndProject
Project("{9A19103F-16F7-4668-BE54-9A1E7A4F7556}") = "GWVACB_HFT_2023241.Repository", "GWVACB_HFT_2023241.Repository\GWVACB_HFT_2023241.Repository.csproj", "{0985EF49-559D-4C74-BE0F-BAB586BC8764}"
EndProject
Project("{9A19103F-16F7-4668-BE54-9A1E7A4F7556}") = "GWVACB_HFT_2023241.Test", "GWVACB_HFT_2023241.Test\GWVACB_HFT_2023241.Test.csproj", "{A197B581-F5C0-4AF5-9461-906078AE0380}"
EndProject
Project("{2150E333-8FDC-42A3-9474-1A3956D46DE8}") = "Backend", "Backend", "{5D94E348-6AC7-4D5C-AADA-700AF0049B38}"
EndProject
Project("{2150E333-8FDC-42A3-9474-1A3956D46DE8}") = "Frontend", "Frontend", "{0B8CB195-CCBD-44A8-AA7C-9C0C50BCE171}"
EndProject
Project("{2150E333-8FDC-42A3-9474-1A3956D46DE8}") = "Shared", "Shared", "{29879994-566E-49D9-BB04-CDFA1655325C}"
EndProject
Project("{9A19103F-16F7-4668-BE54-9A1E7A4F7556}") = "GWVACB_HFT_2023241.Endpoint", "GWVACB_HFT_2023241.Endpoint\GWVACB_HFT_2023241.Endpoint.csproj", "{7037C6DB-5E5E-4BD0-9BCC-72CEA77B4003}"
EndProject
Project("{2150E333-8FDC-42A3-9474-1A3956D46DE8}") = "Other", "Other", "{49D33356-BC47-450F-8E40-044C670607BF}"
	ProjectSection(SolutionItems) = preProject
		.gitignore = .gitignore
		README.md = README.md
	EndProjectSection
EndProject
Project("{FAE04EC0-301F-11D3-BF4B-00C04F79EFBC}") = "GWVACB_HFT_2023241.WebClient", "GWVACB_HFT_2023241.WebClient\GWVACB_HFT_2023241.WebClient.csproj", "{EDD55751-F99F-4FD7-965A-718E20A2D0CE}"
EndProject
Global
	GlobalSection(SolutionConfigurationPlatforms) = preSolution
		Debug|Any CPU = Debug|Any CPU
		Release|Any CPU = Release|Any CPU
	EndGlobalSection
	GlobalSection(ProjectConfigurationPlatforms) = postSolution
		{17194A15-6AB8-4634-A44C-04320B21CD51}.Debug|Any CPU.ActiveCfg = Debug|Any CPU
		{17194A15-6AB8-4634-A44C-04320B21CD51}.Debug|Any CPU.Build.0 = Debug|Any CPU
		{17194A15-6AB8-4634-A44C-04320B21CD51}.Release|Any CPU.ActiveCfg = Release|Any CPU
		{17194A15-6AB8-4634-A44C-04320B21CD51}.Release|Any CPU.Build.0 = Release|Any CPU
		{EA1F57F4-BF93-4BDE-9E15-047069222B2E}.Debug|Any CPU.ActiveCfg = Debug|Any CPU
		{EA1F57F4-BF93-4BDE-9E15-047069222B2E}.Debug|Any CPU.Build.0 = Debug|Any CPU
		{EA1F57F4-BF93-4BDE-9E15-047069222B2E}.Release|Any CPU.ActiveCfg = Release|Any CPU
		{EA1F57F4-BF93-4BDE-9E15-047069222B2E}.Release|Any CPU.Build.0 = Release|Any CPU
		{35B63F00-9D66-4EBE-8617-860F6B52D41D}.Debug|Any CPU.ActiveCfg = Debug|Any CPU
		{35B63F00-9D66-4EBE-8617-860F6B52D41D}.Debug|Any CPU.Build.0 = Debug|Any CPU
		{35B63F00-9D66-4EBE-8617-860F6B52D41D}.Release|Any CPU.ActiveCfg = Release|Any CPU
		{35B63F00-9D66-4EBE-8617-860F6B52D41D}.Release|Any CPU.Build.0 = Release|Any CPU
		{0985EF49-559D-4C74-BE0F-BAB586BC8764}.Debug|Any CPU.ActiveCfg = Debug|Any CPU
		{0985EF49-559D-4C74-BE0F-BAB586BC8764}.Debug|Any CPU.Build.0 = Debug|Any CPU
		{0985EF49-559D-4C74-BE0F-BAB586BC8764}.Release|Any CPU.ActiveCfg = Release|Any CPU
		{0985EF49-559D-4C74-BE0F-BAB586BC8764}.Release|Any CPU.Build.0 = Release|Any CPU
		{A197B581-F5C0-4AF5-9461-906078AE0380}.Debug|Any CPU.ActiveCfg = Debug|Any CPU
		{A197B581-F5C0-4AF5-9461-906078AE0380}.Debug|Any CPU.Build.0 = Debug|Any CPU
		{A197B581-F5C0-4AF5-9461-906078AE0380}.Release|Any CPU.ActiveCfg = Release|Any CPU
		{A197B581-F5C0-4AF5-9461-906078AE0380}.Release|Any CPU.Build.0 = Release|Any CPU
		{7037C6DB-5E5E-4BD0-9BCC-72CEA77B4003}.Debug|Any CPU.ActiveCfg = Debug|Any CPU
		{7037C6DB-5E5E-4BD0-9BCC-72CEA77B4003}.Debug|Any CPU.Build.0 = Debug|Any CPU
		{7037C6DB-5E5E-4BD0-9BCC-72CEA77B4003}.Release|Any CPU.ActiveCfg = Release|Any CPU
		{7037C6DB-5E5E-4BD0-9BCC-72CEA77B4003}.Release|Any CPU.Build.0 = Release|Any CPU
		{EDD55751-F99F-4FD7-965A-718E20A2D0CE}.Debug|Any CPU.ActiveCfg = Debug|Any CPU
		{EDD55751-F99F-4FD7-965A-718E20A2D0CE}.Debug|Any CPU.Build.0 = Debug|Any CPU
		{EDD55751-F99F-4FD7-965A-718E20A2D0CE}.Release|Any CPU.ActiveCfg = Release|Any CPU
		{EDD55751-F99F-4FD7-965A-718E20A2D0CE}.Release|Any CPU.Build.0 = Release|Any CPU
	EndGlobalSection
	GlobalSection(SolutionProperties) = preSolution
		HideSolutionNode = FALSE
	EndGlobalSection
	GlobalSection(NestedProjects) = preSolution
		{17194A15-6AB8-4634-A44C-04320B21CD51} = {0B8CB195-CCBD-44A8-AA7C-9C0C50BCE171}
		{EA1F57F4-BF93-4BDE-9E15-047069222B2E} = {29879994-566E-49D9-BB04-CDFA1655325C}
		{35B63F00-9D66-4EBE-8617-860F6B52D41D} = {5D94E348-6AC7-4D5C-AADA-700AF0049B38}
		{0985EF49-559D-4C74-BE0F-BAB586BC8764} = {5D94E348-6AC7-4D5C-AADA-700AF0049B38}
		{A197B581-F5C0-4AF5-9461-906078AE0380} = {5D94E348-6AC7-4D5C-AADA-700AF0049B38}
		{7037C6DB-5E5E-4BD0-9BCC-72CEA77B4003} = {5D94E348-6AC7-4D5C-AADA-700AF0049B38}
		{EDD55751-F99F-4FD7-965A-718E20A2D0CE} = {0B8CB195-CCBD-44A8-AA7C-9C0C50BCE171}
	EndGlobalSection
	GlobalSection(ExtensibilityGlobals) = postSolution
		SolutionGuid = {A27B76CF-C671-4B8F-A3CC-73E5384183C0}
	EndGlobalSection
EndGlobal
